Microsoft Visual Studio Solution File, Format Version 12.00
# Visual Studio Version 17
VisualStudioVersion = 17.5.2.0
MinimumVisualStudioVersion = 10.0.40219.1
Project("{FAE04EC0-301F-11D3-BF4B-00C04F79EFBC}") = "Semana4ListasYTuplas", "Semana4ListasYTuplas.csproj", "{7E422467-96A8-4A1C-343C-C4C8159A9EDC}"
EndProject
Global
	GlobalSection(SolutionConfigurationPlatforms) = preSolution
		Debug|Any CPU = Debug|Any CPU
		Release|Any CPU = Release|Any CPU
	EndGlobalSection
	GlobalSection(ProjectConfigurationPlatforms) = postSolution
		{7E422467-96A8-4A1C-343C-C4C8159A9EDC}.Debug|Any CPU.ActiveCfg = Debug|Any CPU
		{7E422467-96A8-4A1C-343C-C4C8159A9EDC}.Debug|Any CPU.Build.0 = Debug|Any CPU
		{7E422467-96A8-4A1C-343C-C4C8159A9EDC}.Release|Any CPU.ActiveCfg = Release|Any CPU
		{7E422467-96A8-4A1C-343C-C4C8159A9EDC}.Release|Any CPU.Build.0 = Release|Any CPU
	EndGlobalSection
	GlobalSection(SolutionProperties) = preSolution
		HideSolutionNode = FALSE
	EndGlobalSection
	GlobalSection(ExtensibilityGlobals) = postSolution
		SolutionGuid = {41330CA8-F969-4438-A041-727A64107815}
	EndGlobalSection
EndGlobal
